
Microsoft Visual Studio Solution File, Format Version 12.00
# Visual Studio 15
VisualStudioVersion = 15.0.28010.2026
MinimumVisualStudioVersion = 10.0.40219.1
Project("{FAE04EC0-301F-11D3-BF4B-00C04F79EFBC}") = "SoftUniFirstLecture", "SoftUniFirstLecture\SoftUniFirstLecture.csproj", "{E346DB12-0375-4DC2-AB0A-F4F6CDD5513E}"
EndProject
Project("{FAE04EC0-301F-11D3-BF4B-00C04F79EFBC}") = "Ages", "Ages\Ages.csproj", "{B17EA9D0-7FD6-4015-A7BB-C5D2C9AF18D9}"
EndProject
Project("{FAE04EC0-301F-11D3-BF4B-00C04F79EFBC}") = "Vacation", "Vacation\Vacation.csproj", "{48343221-42E9-4074-A666-212E36554B88}"
EndProject
Project("{FAE04EC0-301F-11D3-BF4B-00C04F79EFBC}") = "Division", "Division\Division.csproj", "{A22F8DE0-DD6F-40C5-866B-8A777FF6BB0E}"
EndProject
Project("{FAE04EC0-301F-11D3-BF4B-00C04F79EFBC}") = "Print and Sum", "Print and Sum\Print and Sum.csproj", "{0ECF724D-D4DD-4AFE-A4F3-2E85563FA80D}"
EndProject
Project("{FAE04EC0-301F-11D3-BF4B-00C04F79EFBC}") = "Login", "Login\Login.csproj", "{8B0B40D2-5F45-4E26-ABF0-1DE02AD8A1AB}"
EndProject
Project("{FAE04EC0-301F-11D3-BF4B-00C04F79EFBC}") = "StrongNumber", "StrongNumber\StrongNumber.csproj", "{34FF2A86-8E71-461D-BC60-34F1CF8EB9E7}"
EndProject
Project("{FAE04EC0-301F-11D3-BF4B-00C04F79EFBC}") = "VendingMachine", "VendingMachine\VendingMachine.csproj", "{F3A64A9E-ADF8-430B-8C14-F4B1D57D504C}"
EndProject
Project("{FAE04EC0-301F-11D3-BF4B-00C04F79EFBC}") = "TriangleOfNumbers", "TriangleOfNumbers\TriangleOfNumbers.csproj", "{050B7128-5F40-400B-A3DA-35D8D364801D}"
EndProject
Project("{FAE04EC0-301F-11D3-BF4B-00C04F79EFBC}") = "Excercise", "Excercise\Excercise.csproj", "{DBBE0DCA-4C4B-4FA5-A94C-80280F93EE1D}"
EndProject
Project("{FAE04EC0-301F-11D3-BF4B-00C04F79EFBC}") = "PadawanEquipment", "PadawanEquipment\PadawanEquipment.csproj", "{AFBAB61F-849C-4AE9-B9D1-3A631F3260C7}"
EndProject
Project("{FAE04EC0-301F-11D3-BF4B-00C04F79EFBC}") = "RageExpenses", "RageExpenses\RageExpenses.csproj", "{66A6B7B6-8D15-4BCF-8C31-3D5284D7295E}"
EndProject
Global
	GlobalSection(SolutionConfigurationPlatforms) = preSolution
		Debug|Any CPU = Debug|Any CPU
		Release|Any CPU = Release|Any CPU
	EndGlobalSection
	GlobalSection(ProjectConfigurationPlatforms) = postSolution
		{E346DB12-0375-4DC2-AB0A-F4F6CDD5513E}.Debug|Any CPU.ActiveCfg = Debug|Any CPU
		{E346DB12-0375-4DC2-AB0A-F4F6CDD5513E}.Debug|Any CPU.Build.0 = Debug|Any CPU
		{E346DB12-0375-4DC2-AB0A-F4F6CDD5513E}.Release|Any CPU.ActiveCfg = Release|Any CPU
		{E346DB12-0375-4DC2-AB0A-F4F6CDD5513E}.Release|Any CPU.Build.0 = Release|Any CPU
		{B17EA9D0-7FD6-4015-A7BB-C5D2C9AF18D9}.Debug|Any CPU.ActiveCfg = Debug|Any CPU
		{B17EA9D0-7FD6-4015-A7BB-C5D2C9AF18D9}.Debug|Any CPU.Build.0 = Debug|Any CPU
		{B17EA9D0-7FD6-4015-A7BB-C5D2C9AF18D9}.Release|Any CPU.ActiveCfg = Release|Any CPU
		{B17EA9D0-7FD6-4015-A7BB-C5D2C9AF18D9}.Release|Any CPU.Build.0 = Release|Any CPU
		{48343221-42E9-4074-A666-212E36554B88}.Debug|Any CPU.ActiveCfg = Debug|Any CPU
		{48343221-42E9-4074-A666-212E36554B88}.Debug|Any CPU.Build.0 = Debug|Any CPU
		{48343221-42E9-4074-A666-212E36554B88}.Release|Any CPU.ActiveCfg = Release|Any CPU
		{48343221-42E9-4074-A666-212E36554B88}.Release|Any CPU.Build.0 = Release|Any CPU
		{A22F8DE0-DD6F-40C5-866B-8A777FF6BB0E}.Debug|Any CPU.ActiveCfg = Debug|Any CPU
		{A22F8DE0-DD6F-40C5-866B-8A777FF6BB0E}.Debug|Any CPU.Build.0 = Debug|Any CPU
		{A22F8DE0-DD6F-40C5-866B-8A777FF6BB0E}.Release|Any CPU.ActiveCfg = Release|Any CPU
		{A22F8DE0-DD6F-40C5-866B-8A777FF6BB0E}.Release|Any CPU.Build.0 = Release|Any CPU
		{0ECF724D-D4DD-4AFE-A4F3-2E85563FA80D}.Debug|Any CPU.ActiveCfg = Debug|Any CPU
		{0ECF724D-D4DD-4AFE-A4F3-2E85563FA80D}.Debug|Any CPU.Build.0 = Debug|Any CPU
		{0ECF724D-D4DD-4AFE-A4F3-2E85563FA80D}.Release|Any CPU.ActiveCfg = Release|Any CPU
		{0ECF724D-D4DD-4AFE-A4F3-2E85563FA80D}.Release|Any CPU.Build.0 = Release|Any CPU
		{8B0B40D2-5F45-4E26-ABF0-1DE02AD8A1AB}.Debug|Any CPU.ActiveCfg = Debug|Any CPU
		{8B0B40D2-5F45-4E26-ABF0-1DE02AD8A1AB}.Debug|Any CPU.Build.0 = Debug|Any CPU
		{8B0B40D2-5F45-4E26-ABF0-1DE02AD8A1AB}.Release|Any CPU.ActiveCfg = Release|Any CPU
		{8B0B40D2-5F45-4E26-ABF0-1DE02AD8A1AB}.Release|Any CPU.Build.0 = Release|Any CPU
		{34FF2A86-8E71-461D-BC60-34F1CF8EB9E7}.Debug|Any CPU.ActiveCfg = Debug|Any CPU
		{34FF2A86-8E71-461D-BC60-34F1CF8EB9E7}.Debug|Any CPU.Build.0 = Debug|Any CPU
		{34FF2A86-8E71-461D-BC60-34F1CF8EB9E7}.Release|Any CPU.ActiveCfg = Release|Any CPU
		{34FF2A86-8E71-461D-BC60-34F1CF8EB9E7}.Release|Any CPU.Build.0 = Release|Any CPU
		{F3A64A9E-ADF8-430B-8C14-F4B1D57D504C}.Debug|Any CPU.ActiveCfg = Debug|Any CPU
		{F3A64A9E-ADF8-430B-8C14-F4B1D57D504C}.Debug|Any CPU.Build.0 = Debug|Any CPU
		{F3A64A9E-ADF8-430B-8C14-F4B1D57D504C}.Release|Any CPU.ActiveCfg = Release|Any CPU
		{F3A64A9E-ADF8-430B-8C14-F4B1D57D504C}.Release|Any CPU.Build.0 = Release|Any CPU
		{050B7128-5F40-400B-A3DA-35D8D364801D}.Debug|Any CPU.ActiveCfg = Debug|Any CPU
		{050B7128-5F40-400B-A3DA-35D8D364801D}.Debug|Any CPU.Build.0 = Debug|Any CPU
		{050B7128-5F40-400B-A3DA-35D8D364801D}.Release|Any CPU.ActiveCfg = Release|Any CPU
		{050B7128-5F40-400B-A3DA-35D8D364801D}.Release|Any CPU.Build.0 = Release|Any CPU
		{DBBE0DCA-4C4B-4FA5-A94C-80280F93EE1D}.Debug|Any CPU.ActiveCfg = Debug|Any CPU
		{DBBE0DCA-4C4B-4FA5-A94C-80280F93EE1D}.Debug|Any CPU.Build.0 = Debug|Any CPU
		{DBBE0DCA-4C4B-4FA5-A94C-80280F93EE1D}.Release|Any CPU.ActiveCfg = Release|Any CPU
		{DBBE0DCA-4C4B-4FA5-A94C-80280F93EE1D}.Release|Any CPU.Build.0 = Release|Any CPU
		{AFBAB61F-849C-4AE9-B9D1-3A631F3260C7}.Debug|Any CPU.ActiveCfg = Debug|Any CPU
		{AFBAB61F-849C-4AE9-B9D1-3A631F3260C7}.Debug|Any CPU.Build.0 = Debug|Any CPU
		{AFBAB61F-849C-4AE9-B9D1-3A631F3260C7}.Release|Any CPU.ActiveCfg = Release|Any CPU
		{AFBAB61F-849C-4AE9-B9D1-3A631F3260C7}.Release|Any CPU.Build.0 = Release|Any CPU
		{66A6B7B6-8D15-4BCF-8C31-3D5284D7295E}.Debug|Any CPU.ActiveCfg = Debug|Any CPU
		{66A6B7B6-8D15-4BCF-8C31-3D5284D7295E}.Debug|Any CPU.Build.0 = Debug|Any CPU
		{66A6B7B6-8D15-4BCF-8C31-3D5284D7295E}.Release|Any CPU.ActiveCfg = Release|Any CPU
		{66A6B7B6-8D15-4BCF-8C31-3D5284D7295E}.Release|Any CPU.Build.0 = Release|Any CPU
	EndGlobalSection
	GlobalSection(SolutionProperties) = preSolution
		HideSolutionNode = FALSE
	EndGlobalSection
	GlobalSection(ExtensibilityGlobals) = postSolution
		SolutionGuid = {BFE86E47-02C8-4D94-9CA0-759E4E45858F}
	EndGlobalSection
EndGlobal
